
Microsoft Visual Studio Solution File, Format Version 12.00
# Visual Studio Version 17
VisualStudioVersion = 17.3.32929.385
MinimumVisualStudioVersion = 10.0.40219.1
Project("{FAE04EC0-301F-11D3-BF4B-00C04F79EFBC}") = "CarLoans", "CarLoans\CarLoans.csproj", "{3278129A-43AA-4694-9949-6C675965110D}"
EndProject
Global
	GlobalSection(SolutionConfigurationPlatforms) = preSolution
		Debug|Any CPU = Debug|Any CPU
		Release|Any CPU = Release|Any CPU
	EndGlobalSection
	GlobalSection(ProjectConfigurationPlatforms) = postSolution
		{3278129A-43AA-4694-9949-6C675965110D}.Debug|Any CPU.ActiveCfg = Debug|Any CPU
		{3278129A-43AA-4694-9949-6C675965110D}.Debug|Any CPU.Build.0 = Debug|Any CPU
		{3278129A-43AA-4694-9949-6C675965110D}.Release|Any CPU.ActiveCfg = Release|Any CPU
		{3278129A-43AA-4694-9949-6C675965110D}.Release|Any CPU.Build.0 = Release|Any CPU
	EndGlobalSection
	GlobalSection(SolutionProperties) = preSolution
		HideSolutionNode = FALSE
	EndGlobalSection
	GlobalSection(ExtensibilityGlobals) = postSolution
		SolutionGuid = {42998722-C283-42D8-B001-74F8114B3B4A}
	EndGlobalSection
EndGlobal
